
Microsoft Visual Studio Solution File, Format Version 12.00
Project("{2150E333-8FDC-42A3-9474-1A3956D46DE8}") = "src", "src", "{290E99C5-07EB-4CD4-958B-2FC086EBC4D2}"
EndProject
Project("{2150E333-8FDC-42A3-9474-1A3956D46DE8}") = "docs", "docs", "{CEDFB1D0-D472-4CBB-BF13-287C96B7B3A3}"
EndProject
Project("{FAE04EC0-301F-11D3-BF4B-00C04F79EFBC}") = "Thesis.Auth.Contracts", "src\Thesis.Auth.Contracts\Thesis.Auth.Contracts.csproj", "{7DD51DCA-626A-4F6C-89E3-CD49C78815D5}"
EndProject
Project("{FAE04EC0-301F-11D3-BF4B-00C04F79EFBC}") = "Thesis.Auth.API", "src\Thesis.Auth.API\Thesis.Auth.API.csproj", "{88CF2850-3530-4733-8E5C-124BCCAFE099}"
EndProject
Project("{FAE04EC0-301F-11D3-BF4B-00C04F79EFBC}") = "Thesis.Auth.Models", "src\Thesis.Auth.Models\Thesis.Auth.Models.csproj", "{8DE7DD2C-2DFC-43C0-8FCA-DEE98F5FB78E}"
EndProject
Global
	GlobalSection(SolutionConfigurationPlatforms) = preSolution
		Debug|Any CPU = Debug|Any CPU
		Release|Any CPU = Release|Any CPU
	EndGlobalSection
	GlobalSection(ProjectConfigurationPlatforms) = postSolution
		{7DD51DCA-626A-4F6C-89E3-CD49C78815D5}.Debug|Any CPU.ActiveCfg = Debug|Any CPU
		{7DD51DCA-626A-4F6C-89E3-CD49C78815D5}.Debug|Any CPU.Build.0 = Debug|Any CPU
		{7DD51DCA-626A-4F6C-89E3-CD49C78815D5}.Release|Any CPU.ActiveCfg = Release|Any CPU
		{7DD51DCA-626A-4F6C-89E3-CD49C78815D5}.Release|Any CPU.Build.0 = Release|Any CPU
		{88CF2850-3530-4733-8E5C-124BCCAFE099}.Debug|Any CPU.ActiveCfg = Debug|Any CPU
		{88CF2850-3530-4733-8E5C-124BCCAFE099}.Debug|Any CPU.Build.0 = Debug|Any CPU
		{88CF2850-3530-4733-8E5C-124BCCAFE099}.Release|Any CPU.ActiveCfg = Release|Any CPU
		{88CF2850-3530-4733-8E5C-124BCCAFE099}.Release|Any CPU.Build.0 = Release|Any CPU
		{8DE7DD2C-2DFC-43C0-8FCA-DEE98F5FB78E}.Debug|Any CPU.ActiveCfg = Debug|Any CPU
		{8DE7DD2C-2DFC-43C0-8FCA-DEE98F5FB78E}.Debug|Any CPU.Build.0 = Debug|Any CPU
		{8DE7DD2C-2DFC-43C0-8FCA-DEE98F5FB78E}.Release|Any CPU.ActiveCfg = Release|Any CPU
		{8DE7DD2C-2DFC-43C0-8FCA-DEE98F5FB78E}.Release|Any CPU.Build.0 = Release|Any CPU
	EndGlobalSection
	GlobalSection(NestedProjects) = preSolution
		{7DD51DCA-626A-4F6C-89E3-CD49C78815D5} = {290E99C5-07EB-4CD4-958B-2FC086EBC4D2}
		{88CF2850-3530-4733-8E5C-124BCCAFE099} = {290E99C5-07EB-4CD4-958B-2FC086EBC4D2}
		{8DE7DD2C-2DFC-43C0-8FCA-DEE98F5FB78E} = {290E99C5-07EB-4CD4-958B-2FC086EBC4D2}
	EndGlobalSection
EndGlobal
