
Microsoft Visual Studio Solution File, Format Version 12.00
Project("{2150E333-8FDC-42A3-9474-1A3956D46DE8}") = "src", "src", "{DA7A94AA-4DE2-4B35-9679-4EA8A2A20C5A}"
EndProject
Project("{FAE04EC0-301F-11D3-BF4B-00C04F79EFBC}") = "Thesis.Auth.API", "Thesis.Auth.API\Thesis.Auth.API.csproj", "{32A0AF66-11DD-4464-9E14-7F744EA0850C}"
EndProject
Project("{FAE04EC0-301F-11D3-BF4B-00C04F79EFBC}") = "Thesis.Auth.Models", "Thesis.Auth.Models\Thesis.Auth.Models.csproj", "{B2DED624-ECFC-4C81-A81B-8DBC98D41E92}"
EndProject
Project("{FAE04EC0-301F-11D3-BF4B-00C04F79EFBC}") = "Thesis.Auth.Contracts", "Thesis.Auth.Contracts\Thesis.Auth.Contracts.csproj", "{28CA6D26-3D56-4B64-A2F2-931A15EC4080}"
EndProject
Global
	GlobalSection(SolutionConfigurationPlatforms) = preSolution
		Debug|Any CPU = Debug|Any CPU
		Release|Any CPU = Release|Any CPU
	EndGlobalSection
	GlobalSection(ProjectConfigurationPlatforms) = postSolution
		{32A0AF66-11DD-4464-9E14-7F744EA0850C}.Debug|Any CPU.ActiveCfg = Debug|Any CPU
		{32A0AF66-11DD-4464-9E14-7F744EA0850C}.Debug|Any CPU.Build.0 = Debug|Any CPU
		{32A0AF66-11DD-4464-9E14-7F744EA0850C}.Release|Any CPU.ActiveCfg = Release|Any CPU
		{32A0AF66-11DD-4464-9E14-7F744EA0850C}.Release|Any CPU.Build.0 = Release|Any CPU
		{B2DED624-ECFC-4C81-A81B-8DBC98D41E92}.Debug|Any CPU.ActiveCfg = Debug|Any CPU
		{B2DED624-ECFC-4C81-A81B-8DBC98D41E92}.Debug|Any CPU.Build.0 = Debug|Any CPU
		{B2DED624-ECFC-4C81-A81B-8DBC98D41E92}.Release|Any CPU.ActiveCfg = Release|Any CPU
		{B2DED624-ECFC-4C81-A81B-8DBC98D41E92}.Release|Any CPU.Build.0 = Release|Any CPU
		{28CA6D26-3D56-4B64-A2F2-931A15EC4080}.Debug|Any CPU.ActiveCfg = Debug|Any CPU
		{28CA6D26-3D56-4B64-A2F2-931A15EC4080}.Debug|Any CPU.Build.0 = Debug|Any CPU
		{28CA6D26-3D56-4B64-A2F2-931A15EC4080}.Release|Any CPU.ActiveCfg = Release|Any CPU
		{28CA6D26-3D56-4B64-A2F2-931A15EC4080}.Release|Any CPU.Build.0 = Release|Any CPU
	EndGlobalSection
	GlobalSection(NestedProjects) = preSolution
		{32A0AF66-11DD-4464-9E14-7F744EA0850C} = {DA7A94AA-4DE2-4B35-9679-4EA8A2A20C5A}
		{B2DED624-ECFC-4C81-A81B-8DBC98D41E92} = {DA7A94AA-4DE2-4B35-9679-4EA8A2A20C5A}
	EndGlobalSection
EndGlobal
